{
  "version": "3",
  "remote": {
    "https://cdn.skypack.dev/-/highlight.js@v11.2.0-JM2Dj07DwgYLL7X9XNLM/dist=es2019,mode=imports/optimized/common/vbnet-059a8fad.js": "62e31f13250953cbfb2f400c4c9fb21a07d3afe2a6364fe79ceb430ff80e85ce",
    "https://deno.land/std@0.221.0/assert/_constants.ts": "a271e8ef5a573f1df8e822a6eb9d09df064ad66a4390f21b3e31f820a38e0975",
    "https://deno.land/std@0.221.0/assert/_diff.ts": "4bf42969aa8b1a33aaf23eb8e478b011bfaa31b82d85d2ff4b5c4662d8780d2b",
    "https://deno.land/std@0.221.0/assert/_format.ts": "0ba808961bf678437fb486b56405b6fefad2cf87b5809667c781ddee8c32aff4",
    "https://deno.land/std@0.221.0/assert/assert.ts": "bec068b2fccdd434c138a555b19a2c2393b71dfaada02b7d568a01541e67cdc5",
    "https://deno.land/std@0.221.0/assert/assert_almost_equals.ts": "8b96b7385cc117668b0720115eb6ee73d04c9bcb2f5d2344d674918c9113688f",
    "https://deno.land/std@0.221.0/assert/assert_array_includes.ts": "1688d76317fd45b7e93ef9e2765f112fdf2b7c9821016cdfb380b9445374aed1",
    "https://deno.land/std@0.221.0/assert/assert_equals.ts": "4497c56fe7d2993b0d447926702802fc0becb44e319079e8eca39b482ee01b4e",
    "https://deno.land/std@0.221.0/assert/assert_exists.ts": "24a7bf965e634f909242cd09fbaf38bde6b791128ece08e33ab08586a7cc55c9",
    "https://deno.land/std@0.221.0/assert/assert_false.ts": "6f382568e5128c0f855e5f7dbda8624c1ed9af4fcc33ef4a9afeeedcdce99769",
    "https://deno.land/std@0.221.0/assert/assert_greater.ts": "4945cf5729f1a38874d7e589e0fe5cc5cd5abe5573ca2ddca9d3791aa891856c",
    "https://deno.land/std@0.221.0/assert/assert_greater_or_equal.ts": "573ed8823283b8d94b7443eb69a849a3c369a8eb9666b2d1db50c33763a5d219",
    "https://deno.land/std@0.221.0/assert/assert_instance_of.ts": "72dc1faff1e248692d873c89382fa1579dd7b53b56d52f37f9874a75b11ba444",
    "https://deno.land/std@0.221.0/assert/assert_is_error.ts": "6596f2b5ba89ba2fe9b074f75e9318cda97a2381e59d476812e30077fbdb6ed2",
    "https://deno.land/std@0.221.0/assert/assert_less.ts": "2b4b3fe7910f65f7be52212f19c3977ecb8ba5b2d6d0a296c83cde42920bb005",
    "https://deno.land/std@0.221.0/assert/assert_less_or_equal.ts": "b93d212fe669fbde959e35b3437ac9a4468f2e6b77377e7b6ea2cfdd825d38a0",
    "https://deno.land/std@0.221.0/assert/assert_match.ts": "ec2d9680ed3e7b9746ec57ec923a17eef6d476202f339ad91d22277d7f1d16e1",
    "https://deno.land/std@0.221.0/assert/assert_not_equals.ts": "ac86413ab70ffb14fdfc41740ba579a983fe355ba0ce4a9ab685e6b8e7f6a250",
    "https://deno.land/std@0.221.0/assert/assert_not_instance_of.ts": "8f720d92d83775c40b2542a8d76c60c2d4aeddaf8713c8d11df8984af2604931",
    "https://deno.land/std@0.221.0/assert/assert_not_match.ts": "b4b7c77f146963e2b673c1ce4846473703409eb93f5ab0eb60f6e6f8aeffe39f",
    "https://deno.land/std@0.221.0/assert/assert_not_strict_equals.ts": "da0b8ab60a45d5a9371088378e5313f624799470c3b54c76e8b8abeec40a77be",
    "https://deno.land/std@0.221.0/assert/assert_object_match.ts": "e85e5eef62a56ce364c3afdd27978ccab979288a3e772e6855c270a7b118fa49",
    "https://deno.land/std@0.221.0/assert/assert_rejects.ts": "5206ac37d883797d9504e3915a0c7b692df6efcdefff3889cc14bb5a325641dd",
    "https://deno.land/std@0.221.0/assert/assert_strict_equals.ts": "0425a98f70badccb151644c902384c12771a93e65f8ff610244b8147b03a2366",
    "https://deno.land/std@0.221.0/assert/assert_string_includes.ts": "dfb072a890167146f8e5bdd6fde887ce4657098e9f71f12716ef37f35fb6f4a7",
    "https://deno.land/std@0.221.0/assert/assert_throws.ts": "31f3c061338aec2c2c33731973d58ccd4f14e42f355501541409ee958d2eb8e5",
    "https://deno.land/std@0.221.0/assert/assertion_error.ts": "9f689a101ee586c4ce92f52fa7ddd362e86434ffdf1f848e45987dc7689976b8",
    "https://deno.land/std@0.221.0/assert/equal.ts": "fae5e8a52a11d3ac694bbe1a53e13a7969e3f60791262312e91a3e741ae519e2",
    "https://deno.land/std@0.221.0/assert/fail.ts": "f310e51992bac8e54f5fd8e44d098638434b2edb802383690e0d7a9be1979f1c",
    "https://deno.land/std@0.221.0/assert/mod.ts": "7e41449e77a31fef91534379716971bebcfc12686e143d38ada5438e04d4a90e",
    "https://deno.land/std@0.221.0/assert/unimplemented.ts": "47ca67d1c6dc53abd0bd729b71a31e0825fc452dbcd4fde4ca06789d5644e7fd",
    "https://deno.land/std@0.221.0/assert/unreachable.ts": "3670816a4ab3214349acb6730e3e6f5299021234657eefe05b48092f3848c270",
    "https://deno.land/std@0.221.0/fmt/colors.ts": "d239d84620b921ea520125d778947881f62c50e78deef2657073840b8af9559a",
    "https://deno.land/std@0.221.0/io/types.ts": "acecb3074c730b5ff487ba4fe9ce51e67bd982aa07c95e5f5679b7b2f24ad129",
    "https://deno.land/std@0.221.0/io/write_all.ts": "24aac2312bb21096ae3ae0b102b22c26164d3249dff96dbac130958aa736f038",
    "https://raw.githubusercontent.com/nats-io/nats.deno/main/jetstream/consumer.ts": "a738a179d420e3ab0b3a3c4346831f7b37b76efad27a2739061bee647b1f0988",
    "https://raw.githubusercontent.com/nats-io/nats.deno/main/jetstream/jsapi_types.ts": "a7ba738a3bb44fa0d37270d984a38eb0829bdf8fdad328b295b3bc4aa27783e0",
    "https://raw.githubusercontent.com/nats-io/nats.deno/main/jetstream/jsbaseclient_api.ts": "9276bd7a44f7fdb6947b4589c18b4f7ec5c61f938cf6364fb2e5cc00712bc946",
    "https://raw.githubusercontent.com/nats-io/nats.deno/main/jetstream/jsclient.ts": "056338acc6c2354b0942825736d1b282f11e7b5b3fc81d2a65104f6c547e9542",
    "https://raw.githubusercontent.com/nats-io/nats.deno/main/jetstream/jslister.ts": "15bf52f70fdce615619fb58688afc931722827633d7256f97012142c4ce923e3",
    "https://raw.githubusercontent.com/nats-io/nats.deno/main/jetstream/jsm.ts": "32ad56bf2b812009389479be719508e8fbb6d8d8e92699220178c8eeb188f62f",
    "https://raw.githubusercontent.com/nats-io/nats.deno/main/jetstream/jsmconsumer_api.ts": "97d805219ea92446a328263d5472832f55949f15520f2c93c94566c0550e2605",
    "https://raw.githubusercontent.com/nats-io/nats.deno/main/jetstream/jsmsg.ts": "673a76d35e161d943f9a9e68502349c10a598882d04630c0e281372b2524e6f4",
    "https://raw.githubusercontent.com/nats-io/nats.deno/main/jetstream/jsmstream_api.ts": "52d94a28089974a4006b8c22a72148842649d935b8d3f2b6c4b4cbc9d96954b0",
    "https://raw.githubusercontent.com/nats-io/nats.deno/main/jetstream/jsutil.ts": "a0e1392c792a66b076f0c2ad62f94afe7649c5ebac0ce270a0961bf5a526c8b9",
    "https://raw.githubusercontent.com/nats-io/nats.deno/main/jetstream/kv.ts": "c11ae7440ce7f0681e788ddcd970cc9d44bc15888152c5fb467bb96cd1c4e56d",
    "https://raw.githubusercontent.com/nats-io/nats.deno/main/jetstream/objectstore.ts": "b7acecdf6dba62f880ce4b857d34eab0fca058ce6763ae4d5f2a1764ec0faf80",
    "https://raw.githubusercontent.com/nats-io/nats.deno/main/jetstream/types.ts": "f30ca71675904ef58365353c2c9c4d8995da3e76fc191cfc7637d046220bf2ab",
    "https://raw.githubusercontent.com/nats-io/nats.deno/main/nats-base-client/authenticator.ts": "9cbfef9352748917ceada487e1ee44d91f55cd5e51d3a74577d99c77d8456d02",
    "https://raw.githubusercontent.com/nats-io/nats.deno/main/nats-base-client/base64.ts": "c031bf9f8ac451f2e50c44a3b2f9ff564d61bb14c51834ce73db837e1dee432b",
    "https://raw.githubusercontent.com/nats-io/nats.deno/main/nats-base-client/bench.ts": "9bfc16649a48228953255d2d3819b86a076ebe7cbdcccf0bbfb30089aa759631",
    "https://raw.githubusercontent.com/nats-io/nats.deno/main/nats-base-client/codec.ts": "da86654fb1f52766b998bbe22f28aa3bd3bfe6098f4d03a364999b75d522c551",
    "https://raw.githubusercontent.com/nats-io/nats.deno/main/nats-base-client/core.ts": "d59aee4597126c1a095d18cac4fa041ff541f6966f8bb392343417e4648f4d7b",
    "https://raw.githubusercontent.com/nats-io/nats.deno/main/nats-base-client/databuffer.ts": "4f92f772ca6701d15f2d148d2d34543558d458b20014d0404f605f84b747b75f",
    "https://raw.githubusercontent.com/nats-io/nats.deno/main/nats-base-client/denobuffer.ts": "83686bd747953167824694a3f4882ed7134a4fe70b3af89b65b41c284bc0c06a",
    "https://raw.githubusercontent.com/nats-io/nats.deno/main/nats-base-client/encoders.ts": "223f9a203d4540d3df1f219b7a93f7a04e94a4ee8b5609ce99317e25b11cdbcf",
    "https://raw.githubusercontent.com/nats-io/nats.deno/main/nats-base-client/headers.ts": "ad4f78316978672476e1eb9b72859539d65388569854a9c1fab447f3fc0c2b58",
    "https://raw.githubusercontent.com/nats-io/nats.deno/main/nats-base-client/heartbeats.ts": "ae28515ee032f9bfc391809c146b85f5d59b9acc56d9c83a7222acfa0d2fe019",
    "https://raw.githubusercontent.com/nats-io/nats.deno/main/nats-base-client/idleheartbeat_monitor.ts": "9b86c0ccbdbe70d9e3cee7141dc563874590d1a7bf57272a37b25255b4da843b",
    "https://raw.githubusercontent.com/nats-io/nats.deno/main/nats-base-client/internal_mod.ts": "8a245cf13344125ea8acdbb18bb46548be525fad030b7dc9f67825bc4fa332be",
    "https://raw.githubusercontent.com/nats-io/nats.deno/main/nats-base-client/ipparser.ts": "eced7163655be5bb457f9a3a5880239131996e3ae7d7817db88c156faa42d29f",
    "https://raw.githubusercontent.com/nats-io/nats.deno/main/nats-base-client/mod.ts": "b5d95fb9162432cc64c3a0813398fd350599d4de3535099a9964610affb6952b",
    "https://raw.githubusercontent.com/nats-io/nats.deno/main/nats-base-client/msg.ts": "89dc0f6502ae8692e95c937a997821b80fb5d3c4538d922f149ffdd871cdcf6e",
    "https://raw.githubusercontent.com/nats-io/nats.deno/main/nats-base-client/muxsubscription.ts": "07ce9bf83c11f4e1e1e927cdaaaabbb07929af18ee024ca9e462650009e31d74",
    "https://raw.githubusercontent.com/nats-io/nats.deno/main/nats-base-client/nats.ts": "3c497a51251d5fa09d62def178cf065d3f5820c182f8fd75e1274bdf039cb3c8",
    "https://raw.githubusercontent.com/nats-io/nats.deno/main/nats-base-client/nkeys.ts": "01aa92908831dd3baad8dbc0e1b3eb05c7b8532a96f799244ff5da16aaee8e69",
    "https://raw.githubusercontent.com/nats-io/nats.deno/main/nats-base-client/nuid.ts": "796710eb4987ef97a4b711668a37b66de26208562fd89be76d54f986393ebc48",
    "https://raw.githubusercontent.com/nats-io/nats.deno/main/nats-base-client/options.ts": "a09d1e9c987517f85a25d2fd213779ed3ae8f66760810e5f8d022d7cd83add43",
    "https://raw.githubusercontent.com/nats-io/nats.deno/main/nats-base-client/parser.ts": "841c14dab3ba248f839cd14574e2249a5e98acc75e105ecdc4242501ef2b9f5a",
    "https://raw.githubusercontent.com/nats-io/nats.deno/main/nats-base-client/protocol.ts": "09686983bb9799c58323ac380181d491469593c0c6b4e4453ac3a801fb4bdbe3",
    "https://raw.githubusercontent.com/nats-io/nats.deno/main/nats-base-client/queued_iterator.ts": "bc11bc6fe28b1c9929c4326f3a3bfe4deec56a26c626ba7578c93670380b51d2",
    "https://raw.githubusercontent.com/nats-io/nats.deno/main/nats-base-client/request.ts": "6432db28e9177f24be0cdec5a9bf6181e95a3c7c26691156fa7906e593a5372d",
    "https://raw.githubusercontent.com/nats-io/nats.deno/main/nats-base-client/semver.ts": "ef6b048113ad29d39e653d5dd2e0e535e519320f9cc5076f747736dc13631919",
    "https://raw.githubusercontent.com/nats-io/nats.deno/main/nats-base-client/servers.ts": "bccb4f083fad47b90168f5c50e45d024137a2767b456db0d41a5e64c10d54ee4",
    "https://raw.githubusercontent.com/nats-io/nats.deno/main/nats-base-client/service.ts": "2fa4c9f32dcb65c4c1947bfcf7bcda7bea5038d851680657b8358e70a27affd8",
    "https://raw.githubusercontent.com/nats-io/nats.deno/main/nats-base-client/serviceclient.ts": "8110c8b3d4b21baf43f8d1b12e7f245eef51408d1406e343403764e28e8e505d",
    "https://raw.githubusercontent.com/nats-io/nats.deno/main/nats-base-client/sha256.js": "87a436302eafacfea9600cf0276245f39d13718c4cbaa81daff47af4ea6523fd",
    "https://raw.githubusercontent.com/nats-io/nats.deno/main/nats-base-client/transport.ts": "645996427e586083bac2155d48134306b07ad6baca014fa6a78ee1feb69c9366",
    "https://raw.githubusercontent.com/nats-io/nats.deno/main/nats-base-client/typedsub.ts": "b5f0c5f270975a6425c6467719ecd5caf538fe0eaafc2c12abc73fd7a577c3e1",
    "https://raw.githubusercontent.com/nats-io/nats.deno/main/nats-base-client/types.ts": "fa9f61b492fffb153ae794a41b19c89094f988c4eb79ff98211fd367eb70c385",
    "https://raw.githubusercontent.com/nats-io/nats.deno/main/nats-base-client/util.ts": "b379428a1f54da46ef07b023f26233bd7a7fe6844c753c4d0f1b72ef54044b87",
    "https://raw.githubusercontent.com/nats-io/nats.deno/pub-msg/jetstream/consumer.ts": "a738a179d420e3ab0b3a3c4346831f7b37b76efad27a2739061bee647b1f0988",
    "https://raw.githubusercontent.com/nats-io/nats.deno/pub-msg/jetstream/internal_mod.ts": "1da0bdf8f2a8875a6adde90398adc65dc88ba32ea1550ea7ea234591aa70727a",
    "https://raw.githubusercontent.com/nats-io/nats.deno/pub-msg/jetstream/jsapi_types.ts": "a7ba738a3bb44fa0d37270d984a38eb0829bdf8fdad328b295b3bc4aa27783e0",
    "https://raw.githubusercontent.com/nats-io/nats.deno/pub-msg/jetstream/jsbaseclient_api.ts": "9276bd7a44f7fdb6947b4589c18b4f7ec5c61f938cf6364fb2e5cc00712bc946",
    "https://raw.githubusercontent.com/nats-io/nats.deno/pub-msg/jetstream/jsclient.ts": "056338acc6c2354b0942825736d1b282f11e7b5b3fc81d2a65104f6c547e9542",
    "https://raw.githubusercontent.com/nats-io/nats.deno/pub-msg/jetstream/jslister.ts": "15bf52f70fdce615619fb58688afc931722827633d7256f97012142c4ce923e3",
    "https://raw.githubusercontent.com/nats-io/nats.deno/pub-msg/jetstream/jsm.ts": "32ad56bf2b812009389479be719508e8fbb6d8d8e92699220178c8eeb188f62f",
    "https://raw.githubusercontent.com/nats-io/nats.deno/pub-msg/jetstream/jsmconsumer_api.ts": "97d805219ea92446a328263d5472832f55949f15520f2c93c94566c0550e2605",
    "https://raw.githubusercontent.com/nats-io/nats.deno/pub-msg/jetstream/jsmsg.ts": "673a76d35e161d943f9a9e68502349c10a598882d04630c0e281372b2524e6f4",
    "https://raw.githubusercontent.com/nats-io/nats.deno/pub-msg/jetstream/jsmstream_api.ts": "52d94a28089974a4006b8c22a72148842649d935b8d3f2b6c4b4cbc9d96954b0",
    "https://raw.githubusercontent.com/nats-io/nats.deno/pub-msg/jetstream/jsutil.ts": "a0e1392c792a66b076f0c2ad62f94afe7649c5ebac0ce270a0961bf5a526c8b9",
    "https://raw.githubusercontent.com/nats-io/nats.deno/pub-msg/jetstream/kv.ts": "c11ae7440ce7f0681e788ddcd970cc9d44bc15888152c5fb467bb96cd1c4e56d",
    "https://raw.githubusercontent.com/nats-io/nats.deno/pub-msg/jetstream/mod.ts": "0e950d17cb639c87fd8977f7d84f7916d9e434da458f301d38bd11480e2cd983",
    "https://raw.githubusercontent.com/nats-io/nats.deno/pub-msg/jetstream/objectstore.ts": "b7acecdf6dba62f880ce4b857d34eab0fca058ce6763ae4d5f2a1764ec0faf80",
    "https://raw.githubusercontent.com/nats-io/nats.deno/pub-msg/jetstream/types.ts": "f30ca71675904ef58365353c2c9c4d8995da3e76fc191cfc7637d046220bf2ab",
    "https://raw.githubusercontent.com/nats-io/nats.deno/pub-msg/nats-base-client/authenticator.ts": "9cbfef9352748917ceada487e1ee44d91f55cd5e51d3a74577d99c77d8456d02",
    "https://raw.githubusercontent.com/nats-io/nats.deno/pub-msg/nats-base-client/base64.ts": "c031bf9f8ac451f2e50c44a3b2f9ff564d61bb14c51834ce73db837e1dee432b",
    "https://raw.githubusercontent.com/nats-io/nats.deno/pub-msg/nats-base-client/bench.ts": "9bfc16649a48228953255d2d3819b86a076ebe7cbdcccf0bbfb30089aa759631",
    "https://raw.githubusercontent.com/nats-io/nats.deno/pub-msg/nats-base-client/codec.ts": "da86654fb1f52766b998bbe22f28aa3bd3bfe6098f4d03a364999b75d522c551",
    "https://raw.githubusercontent.com/nats-io/nats.deno/pub-msg/nats-base-client/core.ts": "d0c9406d9825a5dab12dbcd3d2f38a0c3bb41e174849adde84267b521764f2a8",
    "https://raw.githubusercontent.com/nats-io/nats.deno/pub-msg/nats-base-client/databuffer.ts": "4f92f772ca6701d15f2d148d2d34543558d458b20014d0404f605f84b747b75f",
    "https://raw.githubusercontent.com/nats-io/nats.deno/pub-msg/nats-base-client/denobuffer.ts": "83686bd747953167824694a3f4882ed7134a4fe70b3af89b65b41c284bc0c06a",
    "https://raw.githubusercontent.com/nats-io/nats.deno/pub-msg/nats-base-client/encoders.ts": "223f9a203d4540d3df1f219b7a93f7a04e94a4ee8b5609ce99317e25b11cdbcf",
    "https://raw.githubusercontent.com/nats-io/nats.deno/pub-msg/nats-base-client/headers.ts": "ad4f78316978672476e1eb9b72859539d65388569854a9c1fab447f3fc0c2b58",
    "https://raw.githubusercontent.com/nats-io/nats.deno/pub-msg/nats-base-client/heartbeats.ts": "ae28515ee032f9bfc391809c146b85f5d59b9acc56d9c83a7222acfa0d2fe019",
    "https://raw.githubusercontent.com/nats-io/nats.deno/pub-msg/nats-base-client/idleheartbeat_monitor.ts": "9b86c0ccbdbe70d9e3cee7141dc563874590d1a7bf57272a37b25255b4da843b",
    "https://raw.githubusercontent.com/nats-io/nats.deno/pub-msg/nats-base-client/internal_mod.ts": "8a245cf13344125ea8acdbb18bb46548be525fad030b7dc9f67825bc4fa332be",
    "https://raw.githubusercontent.com/nats-io/nats.deno/pub-msg/nats-base-client/ipparser.ts": "eced7163655be5bb457f9a3a5880239131996e3ae7d7817db88c156faa42d29f",
    "https://raw.githubusercontent.com/nats-io/nats.deno/pub-msg/nats-base-client/mod.ts": "b5d95fb9162432cc64c3a0813398fd350599d4de3535099a9964610affb6952b",
    "https://raw.githubusercontent.com/nats-io/nats.deno/pub-msg/nats-base-client/msg.ts": "89dc0f6502ae8692e95c937a997821b80fb5d3c4538d922f149ffdd871cdcf6e",
    "https://raw.githubusercontent.com/nats-io/nats.deno/pub-msg/nats-base-client/muxsubscription.ts": "07ce9bf83c11f4e1e1e927cdaaaabbb07929af18ee024ca9e462650009e31d74",
    "https://raw.githubusercontent.com/nats-io/nats.deno/pub-msg/nats-base-client/nats.ts": "2db45c14924d8cdd07def38b01fbdf79969e411fd16dd456a4087103d2c63e73",
    "https://raw.githubusercontent.com/nats-io/nats.deno/pub-msg/nats-base-client/nkeys.ts": "01aa92908831dd3baad8dbc0e1b3eb05c7b8532a96f799244ff5da16aaee8e69",
    "https://raw.githubusercontent.com/nats-io/nats.deno/pub-msg/nats-base-client/nuid.ts": "796710eb4987ef97a4b711668a37b66de26208562fd89be76d54f986393ebc48",
    "https://raw.githubusercontent.com/nats-io/nats.deno/pub-msg/nats-base-client/options.ts": "a09d1e9c987517f85a25d2fd213779ed3ae8f66760810e5f8d022d7cd83add43",
    "https://raw.githubusercontent.com/nats-io/nats.deno/pub-msg/nats-base-client/parser.ts": "841c14dab3ba248f839cd14574e2249a5e98acc75e105ecdc4242501ef2b9f5a",
    "https://raw.githubusercontent.com/nats-io/nats.deno/pub-msg/nats-base-client/protocol.ts": "09686983bb9799c58323ac380181d491469593c0c6b4e4453ac3a801fb4bdbe3",
    "https://raw.githubusercontent.com/nats-io/nats.deno/pub-msg/nats-base-client/queued_iterator.ts": "bc11bc6fe28b1c9929c4326f3a3bfe4deec56a26c626ba7578c93670380b51d2",
    "https://raw.githubusercontent.com/nats-io/nats.deno/pub-msg/nats-base-client/request.ts": "6432db28e9177f24be0cdec5a9bf6181e95a3c7c26691156fa7906e593a5372d",
    "https://raw.githubusercontent.com/nats-io/nats.deno/pub-msg/nats-base-client/semver.ts": "ef6b048113ad29d39e653d5dd2e0e535e519320f9cc5076f747736dc13631919",
    "https://raw.githubusercontent.com/nats-io/nats.deno/pub-msg/nats-base-client/servers.ts": "bccb4f083fad47b90168f5c50e45d024137a2767b456db0d41a5e64c10d54ee4",
    "https://raw.githubusercontent.com/nats-io/nats.deno/pub-msg/nats-base-client/service.ts": "2fa4c9f32dcb65c4c1947bfcf7bcda7bea5038d851680657b8358e70a27affd8",
    "https://raw.githubusercontent.com/nats-io/nats.deno/pub-msg/nats-base-client/serviceclient.ts": "8110c8b3d4b21baf43f8d1b12e7f245eef51408d1406e343403764e28e8e505d",
    "https://raw.githubusercontent.com/nats-io/nats.deno/pub-msg/nats-base-client/sha256.js": "87a436302eafacfea9600cf0276245f39d13718c4cbaa81daff47af4ea6523fd",
    "https://raw.githubusercontent.com/nats-io/nats.deno/pub-msg/nats-base-client/transport.ts": "645996427e586083bac2155d48134306b07ad6baca014fa6a78ee1feb69c9366",
    "https://raw.githubusercontent.com/nats-io/nats.deno/pub-msg/nats-base-client/typedsub.ts": "b5f0c5f270975a6425c6467719ecd5caf538fe0eaafc2c12abc73fd7a577c3e1",
    "https://raw.githubusercontent.com/nats-io/nats.deno/pub-msg/nats-base-client/types.ts": "fa9f61b492fffb153ae794a41b19c89094f988c4eb79ff98211fd367eb70c385",
    "https://raw.githubusercontent.com/nats-io/nats.deno/pub-msg/nats-base-client/util.ts": "b379428a1f54da46ef07b023f26233bd7a7fe6844c753c4d0f1b72ef54044b87",
    "https://raw.githubusercontent.com/nats-io/nats.deno/pub-msg/src/connect.ts": "117abbed3b942555451e5adf31befd34ee64aa2b12e36688cb11fb9c7e69c221",
    "https://raw.githubusercontent.com/nats-io/nats.deno/pub-msg/src/deno_transport.ts": "35501ab8d2f0e59e9b7611460f49f5b09eb66cc061a022afc5863d750d9af85c",
    "https://raw.githubusercontent.com/nats-io/nats.deno/pub-msg/src/mod.ts": "e5c12c8215cb250d888f9c0e4ee3372a1adbbcd938f8264a8a5275f194f99a3c",
    "https://raw.githubusercontent.com/nats-io/nkeys.js/v1.0.4/modules/esm/deps.ts": "38d8dcfc3ca0b7429532477127719affa0da04824610e2a1069f9f935032894f",
    "https://raw.githubusercontent.com/nats-io/nkeys.js/v1.0.4/modules/esm/mod.ts": "43c3fbbad0244dde7ae229e778dbefba7f28955a7ff5257d4ed1635b5576fb31",
    "https://raw.githubusercontent.com/nats-io/nkeys.js/v1.0.4/modules/esm/nacl.js": "251e4ffcd6d2c56c7773bcf8c1549e9c07b32adb7a2156908a04930a52e614de",
    "https://raw.githubusercontent.com/nats-io/nkeys.js/v1.0.4/src/base32.ts": "07cbfd2551cf1ef4e45784058f7583495354a167c17a75b6cbdbf6b11d91c235",
    "https://raw.githubusercontent.com/nats-io/nkeys.js/v1.0.4/src/codec.ts": "23a574d4c7e4059c503992d6cb8ab0aa5c518f52848c4599ce04049a75f8e8ee",
    "https://raw.githubusercontent.com/nats-io/nkeys.js/v1.0.4/src/crc16.ts": "0290d486579668a79602cef211a28038630e685147e8ddf79b32ff41a871cfdd",
    "https://raw.githubusercontent.com/nats-io/nkeys.js/v1.0.4/src/helper.ts": "8c4121b879ac5d0d4e05b227e15a7e29057642282f020d49de36ca3c33b7d1ed",
    "https://raw.githubusercontent.com/nats-io/nkeys.js/v1.0.4/src/kp.ts": "360259ef2bea8ee65c8fce04efb4b5aaff14382d155c0668c131d959ef9098bb",
    "https://raw.githubusercontent.com/nats-io/nkeys.js/v1.0.4/src/mod.ts": "467181195143688f969a8d1f106e4d5064116d4736a77347f681c2a6c010ede4",
    "https://raw.githubusercontent.com/nats-io/nkeys.js/v1.0.4/src/nkeys.ts": "ef6d234c2661598f39dd30f68b83be1ba84e6f89b851ffaabfad5128917cd8f3",
    "https://raw.githubusercontent.com/nats-io/nkeys.js/v1.0.4/src/public.ts": "b5c893dad5ec139296bcaec6ea11ab4cb06da4f6978e05ff9c37f7d17a7c6101",
    "https://raw.githubusercontent.com/nats-io/nkeys.js/v1.0.4/src/util.ts": "96c4c8f707ef6aaa00c23527d0a7b935efe1df3dd94e6d40707e37c5e0f14e27"
  }
}
